
Microsoft Visual Studio Solution File, Format Version 12.00
# Visual Studio Version 17
VisualStudioVersion = 17.0.31903.59
MinimumVisualStudioVersion = 10.0.40219.1
Project("{9A19103F-16F7-4668-BE54-9A1E7A4F7556}") = "InMemoryCaching", "InMemoryCaching\InMemoryCaching.csproj", "{4E83A23D-491A-4F01-9D38-DBF889EB19D4}"
EndProject
Project("{9A19103F-16F7-4668-BE54-9A1E7A4F7556}") = "DistributedCaching", "DistributedCaching\DistributedCaching.csproj", "{136A5032-8AAC-4D1C-88F7-A4BB1DF860D6}"
EndProject
Project("{9A19103F-16F7-4668-BE54-9A1E7A4F7556}") = "Redis.Pub.Sub", "Redis.Pub.Sub\Redis.Pub.Sub.csproj", "{D3FEE40E-4B36-4D44-842F-9BE38F445272}"
EndProject
Project("{FAE04EC0-301F-11D3-BF4B-00C04F79EFBC}") = "Redis.Sentinel", "Redis.Sentinel\Redis.Sentinel.csproj", "{F274397A-6AAC-49BD-844F-832E6B077D24}"
EndProject
Global
	GlobalSection(SolutionConfigurationPlatforms) = preSolution
		Debug|Any CPU = Debug|Any CPU
		Release|Any CPU = Release|Any CPU
	EndGlobalSection
	GlobalSection(ProjectConfigurationPlatforms) = postSolution
		{4E83A23D-491A-4F01-9D38-DBF889EB19D4}.Debug|Any CPU.ActiveCfg = Debug|Any CPU
		{4E83A23D-491A-4F01-9D38-DBF889EB19D4}.Debug|Any CPU.Build.0 = Debug|Any CPU
		{4E83A23D-491A-4F01-9D38-DBF889EB19D4}.Release|Any CPU.ActiveCfg = Release|Any CPU
		{4E83A23D-491A-4F01-9D38-DBF889EB19D4}.Release|Any CPU.Build.0 = Release|Any CPU
		{136A5032-8AAC-4D1C-88F7-A4BB1DF860D6}.Debug|Any CPU.ActiveCfg = Debug|Any CPU
		{136A5032-8AAC-4D1C-88F7-A4BB1DF860D6}.Debug|Any CPU.Build.0 = Debug|Any CPU
		{136A5032-8AAC-4D1C-88F7-A4BB1DF860D6}.Release|Any CPU.ActiveCfg = Release|Any CPU
		{136A5032-8AAC-4D1C-88F7-A4BB1DF860D6}.Release|Any CPU.Build.0 = Release|Any CPU
		{D3FEE40E-4B36-4D44-842F-9BE38F445272}.Debug|Any CPU.ActiveCfg = Debug|Any CPU
		{D3FEE40E-4B36-4D44-842F-9BE38F445272}.Debug|Any CPU.Build.0 = Debug|Any CPU
		{D3FEE40E-4B36-4D44-842F-9BE38F445272}.Release|Any CPU.ActiveCfg = Release|Any CPU
		{D3FEE40E-4B36-4D44-842F-9BE38F445272}.Release|Any CPU.Build.0 = Release|Any CPU
		{F274397A-6AAC-49BD-844F-832E6B077D24}.Debug|Any CPU.ActiveCfg = Debug|Any CPU
		{F274397A-6AAC-49BD-844F-832E6B077D24}.Debug|Any CPU.Build.0 = Debug|Any CPU
		{F274397A-6AAC-49BD-844F-832E6B077D24}.Release|Any CPU.ActiveCfg = Release|Any CPU
		{F274397A-6AAC-49BD-844F-832E6B077D24}.Release|Any CPU.Build.0 = Release|Any CPU
	EndGlobalSection
	GlobalSection(SolutionProperties) = preSolution
		HideSolutionNode = FALSE
	EndGlobalSection
	GlobalSection(ExtensibilityGlobals) = postSolution
		SolutionGuid = {FDDDBFD7-C76F-4627-B3AA-3A6883505D06}
	EndGlobalSection
EndGlobal
